
Microsoft Visual Studio Solution File, Format Version 12.00
# Visual Studio Version 17
VisualStudioVersion = 17.0.31903.59
MinimumVisualStudioVersion = 10.0.40219.1
Project("{2150E333-8FDC-42A3-9474-1A3956D46DE8}") = "src", "src", "{827E0CD3-B72D-47B6-A68D-7590B98EB39B}"
EndProject
Project("{FAE04EC0-301F-11D3-BF4B-00C04F79EFBC}") = "Skypeek.Core", "src\Skypeek.Core\Skypeek.Core.csproj", "{8F8DE653-F873-40E3-8AC9-C40543B39B26}"
EndProject
Project("{FAE04EC0-301F-11D3-BF4B-00C04F79EFBC}") = "Skypeek.Aws", "src\Skypeek.Aws\Skypeek.Aws.csproj", "{A2CCF2F7-6AE0-4A61-AF4B-972D0F1858FB}"
EndProject
Project("{FAE04EC0-301F-11D3-BF4B-00C04F79EFBC}") = "Skypeek.Storage", "src\Skypeek.Storage\Skypeek.Storage.csproj", "{E896E008-5993-4818-8868-E91FABF09BB1}"
EndProject
Project("{FAE04EC0-301F-11D3-BF4B-00C04F79EFBC}") = "Skypeek.App", "src\Skypeek.App\Skypeek.App.csproj", "{A07E5B42-CAF7-4AFA-9CB7-9803D1174ED2}"
EndProject
Project("{2150E333-8FDC-42A3-9474-1A3956D46DE8}") = "tests", "tests", "{0AB3BF05-4346-4AA6-1389-037BE0695223}"
EndProject
Project("{FAE04EC0-301F-11D3-BF4B-00C04F79EFBC}") = "Skypeek.Tests", "tests\Skypeek.Tests\Skypeek.Tests.csproj", "{FAA68157-EB1A-4C14-A3F0-BFAF68B3528F}"
EndProject
Project("{FAE04EC0-301F-11D3-BF4B-00C04F79EFBC}") = "Skypeek.Desktop", "src\Skypeek.Desktop\Skypeek.Desktop.csproj", "{1C7CCF77-7155-4167-AFF5-392C76BB4124}"
EndProject
Project("{2150E333-8FDC-42A3-9474-1A3956D46DE8}") = "tools", "tools", "{07C2787E-EAC7-C090-1BA3-A61EC2A24D84}"
EndProject
Project("{FAE04EC0-301F-11D3-BF4B-00C04F79EFBC}") = "Skypeek.ReleaseTool", "tools\Skypeek.ReleaseTool\Skypeek.ReleaseTool.csproj", "{2B373426-69BA-4715-AE7A-EC2E573A15C0}"
EndProject
Global
	GlobalSection(SolutionConfigurationPlatforms) = preSolution
		Debug|Any CPU = Debug|Any CPU
		Debug|x64 = Debug|x64
		Debug|x86 = Debug|x86
		Release|Any CPU = Release|Any CPU
		Release|x64 = Release|x64
		Release|x86 = Release|x86
	EndGlobalSection
	GlobalSection(ProjectConfigurationPlatforms) = postSolution
		{8F8DE653-F873-40E3-8AC9-C40543B39B26}.Debug|Any CPU.ActiveCfg = Debug|Any CPU
		{8F8DE653-F873-40E3-8AC9-C40543B39B26}.Debug|Any CPU.Build.0 = Debug|Any CPU
		{8F8DE653-F873-40E3-8AC9-C40543B39B26}.Debug|x64.ActiveCfg = Debug|Any CPU
		{8F8DE653-F873-40E3-8AC9-C40543B39B26}.Debug|x64.Build.0 = Debug|Any CPU
		{8F8DE653-F873-40E3-8AC9-C40543B39B26}.Debug|x86.ActiveCfg = Debug|Any CPU
		{8F8DE653-F873-40E3-8AC9-C40543B39B26}.Debug|x86.Build.0 = Debug|Any CPU
		{8F8DE653-F873-40E3-8AC9-C40543B39B26}.Release|Any CPU.ActiveCfg = Release|Any CPU
		{8F8DE653-F873-40E3-8AC9-C40543B39B26}.Release|Any CPU.Build.0 = Release|Any CPU
		{8F8DE653-F873-40E3-8AC9-C40543B39B26}.Release|x64.ActiveCfg = Release|Any CPU
		{8F8DE653-F873-40E3-8AC9-C40543B39B26}.Release|x64.Build.0 = Release|Any CPU
		{8F8DE653-F873-40E3-8AC9-C40543B39B26}.Release|x86.ActiveCfg = Release|Any CPU
		{8F8DE653-F873-40E3-8AC9-C40543B39B26}.Release|x86.Build.0 = Release|Any CPU
		{A2CCF2F7-6AE0-4A61-AF4B-972D0F1858FB}.Debug|Any CPU.ActiveCfg = Debug|Any CPU
		{A2CCF2F7-6AE0-4A61-AF4B-972D0F1858FB}.Debug|Any CPU.Build.0 = Debug|Any CPU
		{A2CCF2F7-6AE0-4A61-AF4B-972D0F1858FB}.Debug|x64.ActiveCfg = Debug|Any CPU
		{A2CCF2F7-6AE0-4A61-AF4B-972D0F1858FB}.Debug|x64.Build.0 = Debug|Any CPU
		{A2CCF2F7-6AE0-4A61-AF4B-972D0F1858FB}.Debug|x86.ActiveCfg = Debug|Any CPU
		{A2CCF2F7-6AE0-4A61-AF4B-972D0F1858FB}.Debug|x86.Build.0 = Debug|Any CPU
		{A2CCF2F7-6AE0-4A61-AF4B-972D0F1858FB}.Release|Any CPU.ActiveCfg = Release|Any CPU
		{A2CCF2F7-6AE0-4A61-AF4B-972D0F1858FB}.Release|Any CPU.Build.0 = Release|Any CPU
		{A2CCF2F7-6AE0-4A61-AF4B-972D0F1858FB}.Release|x64.ActiveCfg = Release|Any CPU
		{A2CCF2F7-6AE0-4A61-AF4B-972D0F1858FB}.Release|x64.Build.0 = Release|Any CPU
		{A2CCF2F7-6AE0-4A61-AF4B-972D0F1858FB}.Release|x86.ActiveCfg = Release|Any CPU
		{A2CCF2F7-6AE0-4A61-AF4B-972D0F1858FB}.Release|x86.Build.0 = Release|Any CPU
		{E896E008-5993-4818-8868-E91FABF09BB1}.Debug|Any CPU.ActiveCfg = Debug|Any CPU
		{E896E008-5993-4818-8868-E91FABF09BB1}.Debug|Any CPU.Build.0 = Debug|Any CPU
		{E896E008-5993-4818-8868-E91FABF09BB1}.Debug|x64.ActiveCfg = Debug|Any CPU
		{E896E008-5993-4818-8868-E91FABF09BB1}.Debug|x64.Build.0 = Debug|Any CPU
		{E896E008-5993-4818-8868-E91FABF09BB1}.Debug|x86.ActiveCfg = Debug|Any CPU
		{E896E008-5993-4818-8868-E91FABF09BB1}.Debug|x86.Build.0 = Debug|Any CPU
		{E896E008-5993-4818-8868-E91FABF09BB1}.Release|Any CPU.ActiveCfg = Release|Any CPU
		{E896E008-5993-4818-8868-E91FABF09BB1}.Release|Any CPU.Build.0 = Release|Any CPU
		{E896E008-5993-4818-8868-E91FABF09BB1}.Release|x64.ActiveCfg = Release|Any CPU
		{E896E008-5993-4818-8868-E91FABF09BB1}.Release|x64.Build.0 = Release|Any CPU
		{E896E008-5993-4818-8868-E91FABF09BB1}.Release|x86.ActiveCfg = Release|Any CPU
		{E896E008-5993-4818-8868-E91FABF09BB1}.Release|x86.Build.0 = Release|Any CPU
		{A07E5B42-CAF7-4AFA-9CB7-9803D1174ED2}.Debug|Any CPU.ActiveCfg = Debug|Any CPU
		{A07E5B42-CAF7-4AFA-9CB7-9803D1174ED2}.Debug|Any CPU.Build.0 = Debug|Any CPU
		{A07E5B42-CAF7-4AFA-9CB7-9803D1174ED2}.Debug|x64.ActiveCfg = Debug|Any CPU
		{A07E5B42-CAF7-4AFA-9CB7-9803D1174ED2}.Debug|x64.Build.0 = Debug|Any CPU
		{A07E5B42-CAF7-4AFA-9CB7-9803D1174ED2}.Debug|x86.ActiveCfg = Debug|Any CPU
		{A07E5B42-CAF7-4AFA-9CB7-9803D1174ED2}.Debug|x86.Build.0 = Debug|Any CPU
		{A07E5B42-CAF7-4AFA-9CB7-9803D1174ED2}.Release|Any CPU.ActiveCfg = Release|Any CPU
		{A07E5B42-CAF7-4AFA-9CB7-9803D1174ED2}.Release|Any CPU.Build.0 = Release|Any CPU
		{A07E5B42-CAF7-4AFA-9CB7-9803D1174ED2}.Release|x64.ActiveCfg = Release|Any CPU
		{A07E5B42-CAF7-4AFA-9CB7-9803D1174ED2}.Release|x64.Build.0 = Release|Any CPU
		{A07E5B42-CAF7-4AFA-9CB7-9803D1174ED2}.Release|x86.ActiveCfg = Release|Any CPU
		{A07E5B42-CAF7-4AFA-9CB7-9803D1174ED2}.Release|x86.Build.0 = Release|Any CPU
		{FAA68157-EB1A-4C14-A3F0-BFAF68B3528F}.Debug|Any CPU.ActiveCfg = Debug|Any CPU
		{FAA68157-EB1A-4C14-A3F0-BFAF68B3528F}.Debug|Any CPU.Build.0 = Debug|Any CPU
		{FAA68157-EB1A-4C14-A3F0-BFAF68B3528F}.Debug|x64.ActiveCfg = Debug|Any CPU
		{FAA68157-EB1A-4C14-A3F0-BFAF68B3528F}.Debug|x64.Build.0 = Debug|Any CPU
		{FAA68157-EB1A-4C14-A3F0-BFAF68B3528F}.Debug|x86.ActiveCfg = Debug|Any CPU
		{FAA68157-EB1A-4C14-A3F0-BFAF68B3528F}.Debug|x86.Build.0 = Debug|Any CPU
		{FAA68157-EB1A-4C14-A3F0-BFAF68B3528F}.Release|Any CPU.ActiveCfg = Release|Any CPU
		{FAA68157-EB1A-4C14-A3F0-BFAF68B3528F}.Release|Any CPU.Build.0 = Release|Any CPU
		{FAA68157-EB1A-4C14-A3F0-BFAF68B3528F}.Release|x64.ActiveCfg = Release|Any CPU
		{FAA68157-EB1A-4C14-A3F0-BFAF68B3528F}.Release|x64.Build.0 = Release|Any CPU
		{FAA68157-EB1A-4C14-A3F0-BFAF68B3528F}.Release|x86.ActiveCfg = Release|Any CPU
		{FAA68157-EB1A-4C14-A3F0-BFAF68B3528F}.Release|x86.Build.0 = Release|Any CPU
		{1C7CCF77-7155-4167-AFF5-392C76BB4124}.Debug|Any CPU.ActiveCfg = Debug|Any CPU
		{1C7CCF77-7155-4167-AFF5-392C76BB4124}.Debug|Any CPU.Build.0 = Debug|Any CPU
		{1C7CCF77-7155-4167-AFF5-392C76BB4124}.Debug|x64.ActiveCfg = Debug|Any CPU
		{1C7CCF77-7155-4167-AFF5-392C76BB4124}.Debug|x64.Build.0 = Debug|Any CPU
		{1C7CCF77-7155-4167-AFF5-392C76BB4124}.Debug|x86.ActiveCfg = Debug|Any CPU
		{1C7CCF77-7155-4167-AFF5-392C76BB4124}.Debug|x86.Build.0 = Debug|Any CPU
		{1C7CCF77-7155-4167-AFF5-392C76BB4124}.Release|Any CPU.ActiveCfg = Release|Any CPU
		{1C7CCF77-7155-4167-AFF5-392C76BB4124}.Release|Any CPU.Build.0 = Release|Any CPU
		{1C7CCF77-7155-4167-AFF5-392C76BB4124}.Release|x64.ActiveCfg = Release|Any CPU
		{1C7CCF77-7155-4167-AFF5-392C76BB4124}.Release|x64.Build.0 = Release|Any CPU
		{1C7CCF77-7155-4167-AFF5-392C76BB4124}.Release|x86.ActiveCfg = Release|Any CPU
		{1C7CCF77-7155-4167-AFF5-392C76BB4124}.Release|x86.Build.0 = Release|Any CPU
		{2B373426-69BA-4715-AE7A-EC2E573A15C0}.Debug|Any CPU.ActiveCfg = Debug|Any CPU
		{2B373426-69BA-4715-AE7A-EC2E573A15C0}.Debug|Any CPU.Build.0 = Debug|Any CPU
		{2B373426-69BA-4715-AE7A-EC2E573A15C0}.Debug|x64.ActiveCfg = Debug|Any CPU
		{2B373426-69BA-4715-AE7A-EC2E573A15C0}.Debug|x64.Build.0 = Debug|Any CPU
		{2B373426-69BA-4715-AE7A-EC2E573A15C0}.Debug|x86.ActiveCfg = Debug|Any CPU
		{2B373426-69BA-4715-AE7A-EC2E573A15C0}.Debug|x86.Build.0 = Debug|Any CPU
		{2B373426-69BA-4715-AE7A-EC2E573A15C0}.Release|Any CPU.ActiveCfg = Release|Any CPU
		{2B373426-69BA-4715-AE7A-EC2E573A15C0}.Release|Any CPU.Build.0 = Release|Any CPU
		{2B373426-69BA-4715-AE7A-EC2E573A15C0}.Release|x64.ActiveCfg = Release|Any CPU
		{2B373426-69BA-4715-AE7A-EC2E573A15C0}.Release|x64.Build.0 = Release|Any CPU
		{2B373426-69BA-4715-AE7A-EC2E573A15C0}.Release|x86.ActiveCfg = Release|Any CPU
		{2B373426-69BA-4715-AE7A-EC2E573A15C0}.Release|x86.Build.0 = Release|Any CPU
	EndGlobalSection
	GlobalSection(SolutionProperties) = preSolution
		HideSolutionNode = FALSE
	EndGlobalSection
	GlobalSection(NestedProjects) = preSolution
		{8F8DE653-F873-40E3-8AC9-C40543B39B26} = {827E0CD3-B72D-47B6-A68D-7590B98EB39B}
		{A2CCF2F7-6AE0-4A61-AF4B-972D0F1858FB} = {827E0CD3-B72D-47B6-A68D-7590B98EB39B}
		{E896E008-5993-4818-8868-E91FABF09BB1} = {827E0CD3-B72D-47B6-A68D-7590B98EB39B}
		{A07E5B42-CAF7-4AFA-9CB7-9803D1174ED2} = {827E0CD3-B72D-47B6-A68D-7590B98EB39B}
		{FAA68157-EB1A-4C14-A3F0-BFAF68B3528F} = {0AB3BF05-4346-4AA6-1389-037BE0695223}
		{1C7CCF77-7155-4167-AFF5-392C76BB4124} = {827E0CD3-B72D-47B6-A68D-7590B98EB39B}
		{2B373426-69BA-4715-AE7A-EC2E573A15C0} = {07C2787E-EAC7-C090-1BA3-A61EC2A24D84}
	EndGlobalSection
EndGlobal
